
Microsoft Visual Studio Solution File, Format Version 12.00
# Visual Studio Version 16
VisualStudioVersion = 16.0.31025.194
MinimumVisualStudioVersion = 10.0.40219.1
Project("{9A19103F-16F7-4668-BE54-9A1E7A4F7556}") = "Un1ver5e's Bot", "Un1ver5e's Bot\Un1ver5e's Bot.csproj", "{63CF3523-4191-4D1A-B1CB-B8DD09402CDC}"
EndProject
Project("{9A19103F-16F7-4668-BE54-9A1E7A4F7556}") = "Service", "Service\Service.csproj", "{24BB74DC-F66B-4A2C-A5BE-5AD51D0D0B1C}"
EndProject
Global
	GlobalSection(SolutionConfigurationPlatforms) = preSolution
		Debug|Any CPU = Debug|Any CPU
		Release|Any CPU = Release|Any CPU
	EndGlobalSection
	GlobalSection(ProjectConfigurationPlatforms) = postSolution
		{63CF3523-4191-4D1A-B1CB-B8DD09402CDC}.Debug|Any CPU.ActiveCfg = Debug|Any CPU
		{63CF3523-4191-4D1A-B1CB-B8DD09402CDC}.Debug|Any CPU.Build.0 = Debug|Any CPU
		{63CF3523-4191-4D1A-B1CB-B8DD09402CDC}.Release|Any CPU.ActiveCfg = Release|Any CPU
		{63CF3523-4191-4D1A-B1CB-B8DD09402CDC}.Release|Any CPU.Build.0 = Release|Any CPU
		{24BB74DC-F66B-4A2C-A5BE-5AD51D0D0B1C}.Debug|Any CPU.ActiveCfg = Debug|Any CPU
		{24BB74DC-F66B-4A2C-A5BE-5AD51D0D0B1C}.Debug|Any CPU.Build.0 = Debug|Any CPU
		{24BB74DC-F66B-4A2C-A5BE-5AD51D0D0B1C}.Release|Any CPU.ActiveCfg = Release|Any CPU
		{24BB74DC-F66B-4A2C-A5BE-5AD51D0D0B1C}.Release|Any CPU.Build.0 = Release|Any CPU
	EndGlobalSection
	GlobalSection(SolutionProperties) = preSolution
		HideSolutionNode = FALSE
	EndGlobalSection
	GlobalSection(ExtensibilityGlobals) = postSolution
		SolutionGuid = {61065A81-845F-4676-90EF-BE0CDB1433D4}
	EndGlobalSection
EndGlobal
