
Microsoft Visual Studio Solution File, Format Version 12.00
# Visual Studio Version 16
VisualStudioVersion = 16.0.31025.194
MinimumVisualStudioVersion = 10.0.40219.1
Project("{FAE04EC0-301F-11D3-BF4B-00C04F79EFBC}") = "Un1ver5e's Bot", "Un1ver5e's Bot\Un1ver5e's Bot.csproj", "{63CF3523-4191-4D1A-B1CB-B8DD09402CDC}"
EndProject
Global
	GlobalSection(SolutionConfigurationPlatforms) = preSolution
		Debug|Any CPU = Debug|Any CPU
		Release|Any CPU = Release|Any CPU
	EndGlobalSection
	GlobalSection(ProjectConfigurationPlatforms) = postSolution
		{63CF3523-4191-4D1A-B1CB-B8DD09402CDC}.Debug|Any CPU.ActiveCfg = Debug|Any CPU
		{63CF3523-4191-4D1A-B1CB-B8DD09402CDC}.Debug|Any CPU.Build.0 = Debug|Any CPU
		{63CF3523-4191-4D1A-B1CB-B8DD09402CDC}.Release|Any CPU.ActiveCfg = Release|Any CPU
		{63CF3523-4191-4D1A-B1CB-B8DD09402CDC}.Release|Any CPU.Build.0 = Release|Any CPU
	EndGlobalSection
	GlobalSection(SolutionProperties) = preSolution
		HideSolutionNode = FALSE
	EndGlobalSection
	GlobalSection(ExtensibilityGlobals) = postSolution
		SolutionGuid = {61065A81-845F-4676-90EF-BE0CDB1433D4}
	EndGlobalSection
EndGlobal
